<?xml version="1.0" encoding="utf-8"?>
<Project ToolsVersion="4.0" xmlns="http://schemas.microsoft.com/developer/msbuild/2003">
  <ItemGroup>
    <Filter Include="Source Files">
      <UniqueIdentifier>{4FC737F1-C7A5-4376-A066-2A32D752A2FF}</UniqueIdentifier>
      <Extensions>cpp;c;cc;cxx;def;odl;idl;hpj;bat;asm;asmx</Extensions>
    </Filter>
    <Filter Include="Header Files">
      <UniqueIdentifier>{93995380-89BD-4b04-88EB-625FBE52EBFB}</UniqueIdentifier>
      <Extensions>h;hh;hpp;hxx;hm;inl;inc;ipp;xsd</Extensions>
    </Filter>
    <Filter Include="Resource Files">
      <UniqueIdentifier>{67DA6AB6-F800-4c08-8B7A-83BB121AAD01}</UniqueIdentifier>
      <Extensions>rc;ico;cur;bmp;dlg;rc2;rct;bin;rgs;gif;jpg;jpeg;jpe;resx;tiff;tif;png;wav;mfcribbon-ms</Extensions>
    </Filter>
  </ItemGroup>
  <ItemGroup>
    <ClInclude Include="src\header.h">
      <Filter>Header Files</Filter>
    </ClInclude>
    <ClInclude Include="Include\AllwAnimation\AllegroAnimation.h">
      <Filter>Header Files</Filter>
    </ClInclude>
    <ClInclude Include="Include\AllwAnimation\AllegroSprite.h">
      <Filter>Header Files</Filter>
    </ClInclude>
    <ClInclude Include="Include\AllwBasics\AllegroEvent.h">
      <Filter>Header Files</Filter>
    </ClInclude>
    <ClInclude Include="Include\AllwBasics\AllegroFont.h">
      <Filter>Header Files</Filter>
    </ClInclude>
    <ClInclude Include="Include\AllwBasics\AllegroSound.h">
      <Filter>Header Files</Filter>
    </ClInclude>
    <ClInclude Include="Include\AllwBasics\AllegroWindow.h">
      <Filter>Header Files</Filter>
    </ClInclude>
    <ClInclude Include="Include\AllwInit\AllegroAddons.h">
      <Filter>Header Files</Filter>
    </ClInclude>
    <ClInclude Include="Include\AllwInit\AllegroFactory.h">
      <Filter>Header Files</Filter>
    </ClInclude>
    <ClInclude Include="Include\AllwMisc\AllegroException.h">
      <Filter>Header Files</Filter>
    </ClInclude>
    <ClInclude Include="Include\AllwMisc\AllegroLog.h">
      <Filter>Header Files</Filter>
    </ClInclude>
    <ClInclude Include="Include\AllwUI\AllegroBox.h">
      <Filter>Header Files</Filter>
    </ClInclude>
    <ClInclude Include="Include\AllwUI\AllegroButton.h">
      <Filter>Header Files</Filter>
    </ClInclude>
    <ClInclude Include="Include\AllwUI\AllegroLayout.h">
      <Filter>Header Files</Filter>
    </ClInclude>
    <ClInclude Include="Include\AllwUI\AllegroMenu.h">
      <Filter>Header Files</Filter>
    </ClInclude>
    <ClInclude Include="Include\AllwUI\WritableBox.h">
      <Filter>Header Files</Filter>
    </ClInclude>
    <ClInclude Include="Include\AllwUI\WrittenBox.h">
      <Filter>Header Files</Filter>
    </ClInclude>
    <ClInclude Include="Include\AllwInit\Allw.h">
      <Filter>Header Files</Filter>
    </ClInclude>
  </ItemGroup>
  <ItemGroup>
    <ClCompile Include="src\AllwAnimation\AllegroAnimation.cpp">
      <Filter>Source Files</Filter>
    </ClCompile>
    <ClCompile Include="src\AllwAnimation\AllegroSprite.cpp">
      <Filter>Source Files</Filter>
    </ClCompile>
    <ClCompile Include="src\AllwBasics\AllegroEvent.cpp">
      <Filter>Source Files</Filter>
    </ClCompile>
    <ClCompile Include="src\AllwBasics\AllegroFont.cpp">
      <Filter>Source Files</Filter>
    </ClCompile>
    <ClCompile Include="src\AllwBasics\AllegroSound.cpp">
      <Filter>Source Files</Filter>
    </ClCompile>
    <ClCompile Include="src\AllwBasics\AllegroWindow.cpp">
      <Filter>Source Files</Filter>
    </ClCompile>
    <ClCompile Include="src\AllwMisc\AllegroLog.cpp">
      <Filter>Source Files</Filter>
    </ClCompile>
    <ClCompile Include="src\AllwUI\AllegroBox.cpp">
      <Filter>Source Files</Filter>
    </ClCompile>
    <ClCompile Include="src\AllwUI\AllegroButton.cpp">
      <Filter>Source Files</Filter>
    </ClCompile>
    <ClCompile Include="src\AllwUI\AllegroLayout.cpp">
      <Filter>Source Files</Filter>
    </ClCompile>
    <ClCompile Include="src\AllwUI\AllegroMenu.cpp">
      <Filter>Source Files</Filter>
    </ClCompile>
    <ClCompile Include="src\AllwUI\WritableBox.cpp">
      <Filter>Source Files</Filter>
    </ClCompile>
    <ClCompile Include="src\AllwUI\WrittenBox.cpp">
      <Filter>Source Files</Filter>
    </ClCompile>
    <ClCompile Include="src\AllwInit\Allw.cpp">
      <Filter>Source Files</Filter>
    </ClCompile>
  </ItemGroup>
</Project>