<?xml version="1.0" encoding="utf-8"?>
<Project ToolsVersion="4.0" xmlns="http://schemas.microsoft.com/developer/msbuild/2003">
  <ItemGroup>
    <Filter Include="Source Files">
      <UniqueIdentifier>{4FC737F1-C7A5-4376-A066-2A32D752A2FF}</UniqueIdentifier>
      <Extensions>cpp;c;cc;cxx;def;odl;idl;hpj;bat;asm;asmx</Extensions>
    </Filter>
    <Filter Include="Header Files">
      <UniqueIdentifier>{93995380-89BD-4b04-88EB-625FBE52EBFB}</UniqueIdentifier>
      <Extensions>h;hh;hpp;hxx;hm;inl;inc;ipp;xsd</Extensions>
    </Filter>
    <Filter Include="Resource Files">
      <UniqueIdentifier>{67DA6AB6-F800-4c08-8B7A-83BB121AAD01}</UniqueIdentifier>
      <Extensions>rc;ico;cur;bmp;dlg;rc2;rct;bin;rgs;gif;jpg;jpeg;jpe;resx;tiff;tif;png;wav;mfcribbon-ms</Extensions>
    </Filter>
    <Filter Include="Header Files\MVC">
      <UniqueIdentifier>{8bef850b-6391-45cf-892b-916de97fafc1}</UniqueIdentifier>
    </Filter>
    <Filter Include="Source Files\MVC">
      <UniqueIdentifier>{16620220-ba95-4db7-893c-b2db6e1a9254}</UniqueIdentifier>
    </Filter>
    <Filter Include="Header Files\Logic">
      <UniqueIdentifier>{47103cc3-5797-4107-be6c-6f4deca0e882}</UniqueIdentifier>
    </Filter>
    <Filter Include="Source Files\Logic">
      <UniqueIdentifier>{9c8daf7e-f380-4782-9013-4be3376b3344}</UniqueIdentifier>
    </Filter>
    <Filter Include="Header Files\Logic\Game">
      <UniqueIdentifier>{0883170b-8ff2-448e-a5ff-ae7f302630bf}</UniqueIdentifier>
    </Filter>
    <Filter Include="Header Files\Logic\Personajes">
      <UniqueIdentifier>{488b0cd3-9e26-477d-8ceb-80b10c1b8ec6}</UniqueIdentifier>
    </Filter>
    <Filter Include="Source Files\Logic\Game">
      <UniqueIdentifier>{85894654-4488-4088-936e-bf9fcbaa8fdb}</UniqueIdentifier>
    </Filter>
    <Filter Include="Source Files\Logic\Personajes">
      <UniqueIdentifier>{a8f047b6-3ed8-43ef-860a-f792baa06dd7}</UniqueIdentifier>
    </Filter>
    <Filter Include="Source Files\Logic\UI">
      <UniqueIdentifier>{032a5088-0116-4b6a-a458-48b2a0682aff}</UniqueIdentifier>
    </Filter>
    <Filter Include="Header Files\Logic\UI">
      <UniqueIdentifier>{acf85428-bb64-437f-a489-8d6b1e86c4c8}</UniqueIdentifier>
    </Filter>
  </ItemGroup>
  <ItemGroup>
    <ClCompile Include="Main.cpp">
      <Filter>Source Files</Filter>
    </ClCompile>
    <ClCompile Include="Logica\juego\Game.cpp">
      <Filter>Source Files\Logic\Game</Filter>
    </ClCompile>
    <ClCompile Include="Logica\Personajes\Being.cpp">
      <Filter>Source Files\Logic\Personajes</Filter>
    </ClCompile>
    <ClCompile Include="Logica\Personajes\CrazyGuy.cpp">
      <Filter>Source Files\Logic\Personajes</Filter>
    </ClCompile>
    <ClCompile Include="Logica\Personajes\GreenFatty.cpp">
      <Filter>Source Files\Logic\Personajes</Filter>
    </ClCompile>
    <ClCompile Include="Logica\Personajes\Monster.cpp">
      <Filter>Source Files\Logic\Personajes</Filter>
    </ClCompile>
    <ClCompile Include="Logica\Personajes\Player.cpp">
      <Filter>Source Files\Logic\Personajes</Filter>
    </ClCompile>
    <ClCompile Include="Logica\Personajes\PurpleGuy.cpp">
      <Filter>Source Files\Logic\Personajes</Filter>
    </ClCompile>
    <ClCompile Include="Logica\Personajes\Base Classes\Slider.cpp">
      <Filter>Source Files</Filter>
    </ClCompile>
    <ClCompile Include="Logica\Personajes\SnowBall.cpp">
      <Filter>Source Files</Filter>
    </ClCompile>
    <ClCompile Include="Logica\Personajes\Base Classes\Jumper.cpp">
      <Filter>Source Files</Filter>
    </ClCompile>
    <ClCompile Include="MVC\Controllers\AllegroController.cpp">
      <Filter>Source Files</Filter>
    </ClCompile>
    <ClCompile Include="MVC\Controllers\EventHandler.cpp">
      <Filter>Source Files</Filter>
    </ClCompile>
    <ClCompile Include="MVC\Observers\PlayerDrawer.cpp">
      <Filter>Source Files</Filter>
    </ClCompile>
    <ClCompile Include="MVC\Observers\ProyectileDrawer.cpp">
      <Filter>Source Files</Filter>
    </ClCompile>
    <ClCompile Include="MVC\Observers\StageObserver.cpp">
      <Filter>Source Files</Filter>
    </ClCompile>
    <ClCompile Include="UI\FSM.cpp">
      <Filter>Source Files\Logic\UI</Filter>
    </ClCompile>
    <ClCompile Include="UI\UI.cpp">
      <Filter>Source Files\Logic\UI</Filter>
    </ClCompile>
  </ItemGroup>
  <ItemGroup>
    <ClInclude Include="Logica\juego\Game.h">
      <Filter>Header Files\Logic\Game</Filter>
    </ClInclude>
    <ClInclude Include="Logica\Personajes\Being.h">
      <Filter>Header Files\Logic\Personajes</Filter>
    </ClInclude>
    <ClInclude Include="Logica\Personajes\CrazyGuy.h">
      <Filter>Header Files\Logic\Personajes</Filter>
    </ClInclude>
    <ClInclude Include="Logica\Personajes\GreenFatty.h">
      <Filter>Header Files\Logic\Personajes</Filter>
    </ClInclude>
    <ClInclude Include="Logica\Personajes\Monster.h">
      <Filter>Header Files\Logic\Personajes</Filter>
    </ClInclude>
    <ClInclude Include="Logica\Personajes\Player.h">
      <Filter>Header Files\Logic\Personajes</Filter>
    </ClInclude>
    <ClInclude Include="Logica\Personajes\PurpleGuy.h">
      <Filter>Header Files\Logic\Personajes</Filter>
    </ClInclude>
    <ClInclude Include="Logica\Personajes\Score.h">
      <Filter>Header Files\Logic\Personajes</Filter>
    </ClInclude>
    <ClInclude Include="Logica\Personajes\Projectiles\FireProjectile.h">
      <Filter>Header Files\Logic\Personajes</Filter>
    </ClInclude>
    <ClInclude Include="Logica\Personajes\Projectiles\Projectile.h">
      <Filter>Header Files\Logic\Personajes</Filter>
    </ClInclude>
    <ClInclude Include="Logica\Personajes\Projectiles\SnowProjectile.h">
      <Filter>Header Files\Logic\Personajes</Filter>
    </ClInclude>
    <ClInclude Include="Logica\Personajes\Base Classes\Shooter.h">
      <Filter>Header Files\Logic\Personajes</Filter>
    </ClInclude>
    <ClInclude Include="Logica\Personajes\Base Classes\Slider.h">
      <Filter>Header Files</Filter>
    </ClInclude>
    <ClInclude Include="Logica\Personajes\SnowBall.h">
      <Filter>Header Files</Filter>
    </ClInclude>
    <ClInclude Include="Logica\Personajes\Base Classes\Jumper.h">
      <Filter>Header Files</Filter>
    </ClInclude>
    <ClInclude Include="MVC\Controllers\AllegroController.h">
      <Filter>Header Files\MVC</Filter>
    </ClInclude>
    <ClInclude Include="MVC\Controllers\Controller.h">
      <Filter>Header Files\MVC</Filter>
    </ClInclude>
    <ClInclude Include="MVC\Controllers\Event.h">
      <Filter>Header Files\MVC</Filter>
    </ClInclude>
    <ClInclude Include="MVC\Controllers\EventHandler.h">
      <Filter>Header Files\MVC</Filter>
    </ClInclude>
    <ClInclude Include="MVC\Observers\WindowUpdater.h">
      <Filter>Header Files</Filter>
    </ClInclude>
    <ClInclude Include="MVC\Observers\StageObserver.h">
      <Filter>Header Files\MVC</Filter>
    </ClInclude>
    <ClInclude Include="MVC\Observers\SnowBallObserver.h">
      <Filter>Header Files</Filter>
    </ClInclude>
    <ClInclude Include="MVC\Observers\ProyectileDrawer.h">
      <Filter>Header Files\MVC</Filter>
    </ClInclude>
    <ClInclude Include="MVC\Observers\PlayerSound.h">
      <Filter>Header Files</Filter>
    </ClInclude>
    <ClInclude Include="MVC\Observers\PlayerInfoObserver.h">
      <Filter>Header Files</Filter>
    </ClInclude>
    <ClInclude Include="MVC\Observers\PlayerDrawer.h">
      <Filter>Header Files\MVC</Filter>
    </ClInclude>
    <ClInclude Include="MVC\Observers\Observer.h">
      <Filter>Header Files\MVC</Filter>
    </ClInclude>
    <ClInclude Include="MVC\Observers\MonsterSound.h">
      <Filter>Header Files</Filter>
    </ClInclude>
    <ClInclude Include="MVC\FireBallProjectile.h">
      <Filter>Header Files</Filter>
    </ClInclude>
    <ClInclude Include="MVC\FattyLogger.h">
      <Filter>Header Files</Filter>
    </ClInclude>
    <ClInclude Include="MVC\Observers\EnemyDrawer.h">
      <Filter>Header Files</Filter>
    </ClInclude>
    <ClInclude Include="UI\FSM.h">
      <Filter>Header Files\Logic\UI</Filter>
    </ClInclude>
    <ClInclude Include="UI\UI.h">
      <Filter>Header Files\Logic\UI</Filter>
    </ClInclude>
    <ClInclude Include="MVC\Observers\FireBallProjectile.h">
      <Filter>Header Files</Filter>
    </ClInclude>
  </ItemGroup>
  <ItemGroup>
    <None Include="packages.config" />
  </ItemGroup>
</Project>